// !$*UTF8*$!
{
	archiveVersion = 1;
	classes = {
	};
	objectVersion = 56;
	objects = {

/* Begin PBXBuildFile section */
		458923C9294F4C7700A78C4A /* LaptopStand.swift in Sources */ = {isa = PBXBuildFile; fileRef = 458923C8294F4C7700A78C4A /* LaptopStand.swift */; };
		458923CB294F4D7900A78C4A /* HomePodMiniHolder.swift in Sources */ = {isa = PBXBuildFile; fileRef = 458923CA294F4D7900A78C4A /* HomePodMiniHolder.swift */; };
		458923CD294F505900A78C4A /* MXKeys.swift in Sources */ = {isa = PBXBuildFile; fileRef = 458923CC294F505900A78C4A /* MXKeys.swift */; };
		458923CF294F537C00A78C4A /* MXMaster3s.swift in Sources */ = {isa = PBXBuildFile; fileRef = 458923CE294F537B00A78C4A /* MXMaster3s.swift */; };
		45D3AE17294EADA100CE459E /* eCommerceShopApp.swift in Sources */ = {isa = PBXBuildFile; fileRef = 45D3AE16294EADA100CE459E /* eCommerceShopApp.swift */; };
		45D3AE1B294EADA300CE459E /* Assets.xcassets in Resources */ = {isa = PBXBuildFile; fileRef = 45D3AE1A294EADA300CE459E /* Assets.xcassets */; };
		45D3AE1E294EADA300CE459E /* Preview Assets.xcassets in Resources */ = {isa = PBXBuildFile; fileRef = 45D3AE1D294EADA300CE459E /* Preview Assets.xcassets */; };
		45D3AE27294EB20F00CE459E /* ContentView.swift in Sources */ = {isa = PBXBuildFile; fileRef = 45D3AE26294EB20F00CE459E /* ContentView.swift */; };
		45D3AE2A294EB31300CE459E /* BeatsOverEar.swift in Sources */ = {isa = PBXBuildFile; fileRef = 45D3AE29294EB31300CE459E /* BeatsOverEar.swift */; };
		45D3AE2C294EB59A00CE459E /* Template.swift in Sources */ = {isa = PBXBuildFile; fileRef = 45D3AE2B294EB59A00CE459E /* Template.swift */; };
		45D3AE2E294EB6EC00CE459E /* CaribouCoffeeBag.swift in Sources */ = {isa = PBXBuildFile; fileRef = 45D3AE2D294EB6EC00CE459E /* CaribouCoffeeBag.swift */; };
		45D3AE30294EB8C300CE459E /* CoffeeTumbler.swift in Sources */ = {isa = PBXBuildFile; fileRef = 45D3AE2F294EB8C300CE459E /* CoffeeTumbler.swift */; };
		45D3AE32294EB96300CE459E /* ComputerDesk.swift in Sources */ = {isa = PBXBuildFile; fileRef = 45D3AE31294EB96300CE459E /* ComputerDesk.swift */; };
		45D3AE34294EBB6900CE459E /* StandingDesk.swift in Sources */ = {isa = PBXBuildFile; fileRef = 45D3AE33294EBB6900CE459E /* StandingDesk.swift */; };
		45D3AE36294EBBC900CE459E /* AirPodsPro2.swift in Sources */ = {isa = PBXBuildFile; fileRef = 45D3AE35294EBBC900CE459E /* AirPodsPro2.swift */; };
/* End PBXBuildFile section */

/* Begin PBXFileReference section */
		458923C8294F4C7700A78C4A /* LaptopStand.swift */ = {isa = PBXFileReference; lastKnownFileType = sourcecode.swift; path = LaptopStand.swift; sourceTree = "<group>"; };
		458923CA294F4D7900A78C4A /* HomePodMiniHolder.swift */ = {isa = PBXFileReference; lastKnownFileType = sourcecode.swift; path = HomePodMiniHolder.swift; sourceTree = "<group>"; };
		458923CC294F505900A78C4A /* MXKeys.swift */ = {isa = PBXFileReference; lastKnownFileType = sourcecode.swift; path = MXKeys.swift; sourceTree = "<group>"; };
		458923CE294F537B00A78C4A /* MXMaster3s.swift */ = {isa = PBXFileReference; lastKnownFileType = sourcecode.swift; path = MXMaster3s.swift; sourceTree = "<group>"; };
		45D3AE13294EADA100CE459E /* eCommerceShop.app */ = {isa = PBXFileReference; explicitFileType = wrapper.application; includeInIndex = 0; path = eCommerceShop.app; sourceTree = BUILT_PRODUCTS_DIR; };
		45D3AE16294EADA100CE459E /* eCommerceShopApp.swift */ = {isa = PBXFileReference; lastKnownFileType = sourcecode.swift; path = eCommerceShopApp.swift; sourceTree = "<group>"; };
		45D3AE1A294EADA300CE459E /* Assets.xcassets */ = {isa = PBXFileReference; lastKnownFileType = folder.assetcatalog; path = Assets.xcassets; sourceTree = "<group>"; };
		45D3AE1D294EADA300CE459E /* Preview Assets.xcassets */ = {isa = PBXFileReference; lastKnownFileType = folder.assetcatalog; path = "Preview Assets.xcassets"; sourceTree = "<group>"; };
		45D3AE26294EB20F00CE459E /* ContentView.swift */ = {isa = PBXFileReference; lastKnownFileType = sourcecode.swift; path = ContentView.swift; sourceTree = "<group>"; };
		45D3AE29294EB31300CE459E /* BeatsOverEar.swift */ = {isa = PBXFileReference; lastKnownFileType = sourcecode.swift; path = BeatsOverEar.swift; sourceTree = "<group>"; };
		45D3AE2B294EB59A00CE459E /* Template.swift */ = {isa = PBXFileReference; lastKnownFileType = sourcecode.swift; path = Template.swift; sourceTree = "<group>"; };
		45D3AE2D294EB6EC00CE459E /* CaribouCoffeeBag.swift */ = {isa = PBXFileReference; lastKnownFileType = sourcecode.swift; path = CaribouCoffeeBag.swift; sourceTree = "<group>"; };
		45D3AE2F294EB8C300CE459E /* CoffeeTumbler.swift */ = {isa = PBXFileReference; lastKnownFileType = sourcecode.swift; path = CoffeeTumbler.swift; sourceTree = "<group>"; };
		45D3AE31294EB96300CE459E /* ComputerDesk.swift */ = {isa = PBXFileReference; lastKnownFileType = sourcecode.swift; path = ComputerDesk.swift; sourceTree = "<group>"; };
		45D3AE33294EBB6900CE459E /* StandingDesk.swift */ = {isa = PBXFileReference; lastKnownFileType = sourcecode.swift; path = StandingDesk.swift; sourceTree = "<group>"; };
		45D3AE35294EBBC900CE459E /* AirPodsPro2.swift */ = {isa = PBXFileReference; lastKnownFileType = sourcecode.swift; path = AirPodsPro2.swift; sourceTree = "<group>"; };
/* End PBXFileReference section */

/* Begin PBXFrameworksBuildPhase section */
		45D3AE10294EADA100CE459E /* Frameworks */ = {
			isa = PBXFrameworksBuildPhase;
			buildActionMask = 2147483647;
			files = (
			);
			runOnlyForDeploymentPostprocessing = 0;
		};
/* End PBXFrameworksBuildPhase section */

/* Begin PBXGroup section */
		45D3AE0A294EADA100CE459E = {
			isa = PBXGroup;
			children = (
				45D3AE15294EADA100CE459E /* eCommerceShop */,
				45D3AE14294EADA100CE459E /* Products */,
			);
			sourceTree = "<group>";
		};
		45D3AE14294EADA100CE459E /* Products */ = {
			isa = PBXGroup;
			children = (
				45D3AE13294EADA100CE459E /* eCommerceShop.app */,
			);
			name = Products;
			sourceTree = "<group>";
		};
		45D3AE15294EADA100CE459E /* eCommerceShop */ = {
			isa = PBXGroup;
			children = (
				45D3AE25294EB1F600CE459E /* ContentView */,
				45D3AE16294EADA100CE459E /* eCommerceShopApp.swift */,
				45D3AE1A294EADA300CE459E /* Assets.xcassets */,
				45D3AE1C294EADA300CE459E /* Preview Content */,
			);
			path = eCommerceShop;
			sourceTree = "<group>";
		};
		45D3AE1C294EADA300CE459E /* Preview Content */ = {
			isa = PBXGroup;
			children = (
				45D3AE1D294EADA300CE459E /* Preview Assets.xcassets */,
			);
			path = "Preview Content";
			sourceTree = "<group>";
		};
		45D3AE25294EB1F600CE459E /* ContentView */ = {
			isa = PBXGroup;
			children = (
				45D3AE28294EB21300CE459E /* SubViews */,
				45D3AE26294EB20F00CE459E /* ContentView.swift */,
			);
			path = ContentView;
			sourceTree = "<group>";
		};
		45D3AE28294EB21300CE459E /* SubViews */ = {
			isa = PBXGroup;
			children = (
				45D3AE2B294EB59A00CE459E /* Template.swift */,
				45D3AE29294EB31300CE459E /* BeatsOverEar.swift */,
				45D3AE2D294EB6EC00CE459E /* CaribouCoffeeBag.swift */,
				45D3AE2F294EB8C300CE459E /* CoffeeTumbler.swift */,
				45D3AE31294EB96300CE459E /* ComputerDesk.swift */,
				45D3AE33294EBB6900CE459E /* StandingDesk.swift */,
				45D3AE35294EBBC900CE459E /* AirPodsPro2.swift */,
				458923C8294F4C7700A78C4A /* LaptopStand.swift */,
				458923CA294F4D7900A78C4A /* HomePodMiniHolder.swift */,
				458923CC294F505900A78C4A /* MXKeys.swift */,
				458923CE294F537B00A78C4A /* MXMaster3s.swift */,
			);
			path = SubViews;
			sourceTree = "<group>";
		};
/* End PBXGroup section */

/* Begin PBXNativeTarget section */
		45D3AE12294EADA100CE459E /* eCommerceShop */ = {
			isa = PBXNativeTarget;
			buildConfigurationList = 45D3AE21294EADA300CE459E /* Build configuration list for PBXNativeTarget "eCommerceShop" */;
			buildPhases = (
				45D3AE0F294EADA100CE459E /* Sources */,
				45D3AE10294EADA100CE459E /* Frameworks */,
				45D3AE11294EADA100CE459E /* Resources */,
			);
			buildRules = (
			);
			dependencies = (
			);
			name = eCommerceShop;
			productName = eCommerceShop;
			productReference = 45D3AE13294EADA100CE459E /* eCommerceShop.app */;
			productType = "com.apple.product-type.application";
		};
/* End PBXNativeTarget section */

/* Begin PBXProject section */
		45D3AE0B294EADA100CE459E /* Project object */ = {
			isa = PBXProject;
			attributes = {
				BuildIndependentTargetsInParallel = 1;
				LastSwiftUpdateCheck = 1410;
				LastUpgradeCheck = 1410;
				TargetAttributes = {
					45D3AE12294EADA100CE459E = {
						CreatedOnToolsVersion = 14.1;
					};
				};
			};
			buildConfigurationList = 45D3AE0E294EADA100CE459E /* Build configuration list for PBXProject "eCommerceShop" */;
			compatibilityVersion = "Xcode 14.0";
			developmentRegion = en;
			hasScannedForEncodings = 0;
			knownRegions = (
				en,
				Base,
			);
			mainGroup = 45D3AE0A294EADA100CE459E;
			productRefGroup = 45D3AE14294EADA100CE459E /* Products */;
			projectDirPath = "";
			projectRoot = "";
			targets = (
				45D3AE12294EADA100CE459E /* eCommerceShop */,
			);
		};
/* End PBXProject section */

/* Begin PBXResourcesBuildPhase section */
		45D3AE11294EADA100CE459E /* Resources */ = {
			isa = PBXResourcesBuildPhase;
			buildActionMask = 2147483647;
			files = (
				45D3AE1E294EADA300CE459E /* Preview Assets.xcassets in Resources */,
				45D3AE1B294EADA300CE459E /* Assets.xcassets in Resources */,
			);
			runOnlyForDeploymentPostprocessing = 0;
		};
/* End PBXResourcesBuildPhase section */

/* Begin PBXSourcesBuildPhase section */
		45D3AE0F294EADA100CE459E /* Sources */ = {
			isa = PBXSourcesBuildPhase;
			buildActionMask = 2147483647;
			files = (
				45D3AE27294EB20F00CE459E /* ContentView.swift in Sources */,
				45D3AE36294EBBC900CE459E /* AirPodsPro2.swift in Sources */,
				45D3AE30294EB8C300CE459E /* CoffeeTumbler.swift in Sources */,
				45D3AE2C294EB59A00CE459E /* Template.swift in Sources */,
				458923CD294F505900A78C4A /* MXKeys.swift in Sources */,
				45D3AE17294EADA100CE459E /* eCommerceShopApp.swift in Sources */,
				45D3AE34294EBB6900CE459E /* StandingDesk.swift in Sources */,
				45D3AE2A294EB31300CE459E /* BeatsOverEar.swift in Sources */,
				45D3AE2E294EB6EC00CE459E /* CaribouCoffeeBag.swift in Sources */,
				458923C9294F4C7700A78C4A /* LaptopStand.swift in Sources */,
				458923CF294F537C00A78C4A /* MXMaster3s.swift in Sources */,
				458923CB294F4D7900A78C4A /* HomePodMiniHolder.swift in Sources */,
				45D3AE32294EB96300CE459E /* ComputerDesk.swift in Sources */,
			);
			runOnlyForDeploymentPostprocessing = 0;
		};
/* End PBXSourcesBuildPhase section */

/* Begin XCBuildConfiguration section */
		45D3AE1F294EADA300CE459E /* Debug */ = {
			isa = XCBuildConfiguration;
			buildSettings = {
				ALWAYS_SEARCH_USER_PATHS = NO;
				CLANG_ANALYZER_NONNULL = YES;
				CLANG_ANALYZER_NUMBER_OBJECT_CONVERSION = YES_AGGRESSIVE;
				CLANG_CXX_LANGUAGE_STANDARD = "gnu++20";
				CLANG_ENABLE_MODULES = YES;
				CLANG_ENABLE_OBJC_ARC = YES;
				CLANG_ENABLE_OBJC_WEAK = YES;
				CLANG_WARN_BLOCK_CAPTURE_AUTORELEASING = YES;
				CLANG_WARN_BOOL_CONVERSION = YES;
				CLANG_WARN_COMMA = YES;
				CLANG_WARN_CONSTANT_CONVERSION = YES;
				CLANG_WARN_DEPRECATED_OBJC_IMPLEMENTATIONS = YES;
				CLANG_WARN_DIRECT_OBJC_ISA_USAGE = YES_ERROR;
				CLANG_WARN_DOCUMENTATION_COMMENTS = YES;
				CLANG_WARN_EMPTY_BODY = YES;
				CLANG_WARN_ENUM_CONVERSION = YES;
				CLANG_WARN_INFINITE_RECURSION = YES;
				CLANG_WARN_INT_CONVERSION = YES;
				CLANG_WARN_NON_LITERAL_NULL_CONVERSION = YES;
				CLANG_WARN_OBJC_IMPLICIT_RETAIN_SELF = YES;
				CLANG_WARN_OBJC_LITERAL_CONVERSION = YES;
				CLANG_WARN_OBJC_ROOT_CLASS = YES_ERROR;
				CLANG_WARN_QUOTED_INCLUDE_IN_FRAMEWORK_HEADER = YES;
				CLANG_WARN_RANGE_LOOP_ANALYSIS = YES;
				CLANG_WARN_STRICT_PROTOTYPES = YES;
				CLANG_WARN_SUSPICIOUS_MOVE = YES;
				CLANG_WARN_UNGUARDED_AVAILABILITY = YES_AGGRESSIVE;
				CLANG_WARN_UNREACHABLE_CODE = YES;
				CLANG_WARN__DUPLICATE_METHOD_MATCH = YES;
				COPY_PHASE_STRIP = NO;
				DEBUG_INFORMATION_FORMAT = dwarf;
				ENABLE_STRICT_OBJC_MSGSEND = YES;
				ENABLE_TESTABILITY = YES;
				GCC_C_LANGUAGE_STANDARD = gnu11;
				GCC_DYNAMIC_NO_PIC = NO;
				GCC_NO_COMMON_BLOCKS = YES;
				GCC_OPTIMIZATION_LEVEL = 0;
				GCC_PREPROCESSOR_DEFINITIONS = (
					"DEBUG=1",
					"$(inherited)",
				);
				GCC_WARN_64_TO_32_BIT_CONVERSION = YES;
				GCC_WARN_ABOUT_RETURN_TYPE = YES_ERROR;
				GCC_WARN_UNDECLARED_SELECTOR = YES;
				GCC_WARN_UNINITIALIZED_AUTOS = YES_AGGRESSIVE;
				GCC_WARN_UNUSED_FUNCTION = YES;
				GCC_WARN_UNUSED_VARIABLE = YES;
				IPHONEOS_DEPLOYMENT_TARGET = 16.1;
				MTL_ENABLE_DEBUG_INFO = INCLUDE_SOURCE;
				MTL_FAST_MATH = YES;
				ONLY_ACTIVE_ARCH = YES;
				SDKROOT = iphoneos;
				SWIFT_ACTIVE_COMPILATION_CONDITIONS = DEBUG;
				SWIFT_OPTIMIZATION_LEVEL = "-Onone";
			};
			name = Debug;
		};
		45D3AE20294EADA300CE459E /* Release */ = {
			isa = XCBuildConfiguration;
			buildSettings = {
				ALWAYS_SEARCH_USER_PATHS = NO;
				CLANG_ANALYZER_NONNULL = YES;
				CLANG_ANALYZER_NUMBER_OBJECT_CONVERSION = YES_AGGRESSIVE;
				CLANG_CXX_LANGUAGE_STANDARD = "gnu++20";
				CLANG_ENABLE_MODULES = YES;
				CLANG_ENABLE_OBJC_ARC = YES;
				CLANG_ENABLE_OBJC_WEAK = YES;
				CLANG_WARN_BLOCK_CAPTURE_AUTORELEASING = YES;
				CLANG_WARN_BOOL_CONVERSION = YES;
				CLANG_WARN_COMMA = YES;
				CLANG_WARN_CONSTANT_CONVERSION = YES;
				CLANG_WARN_DEPRECATED_OBJC_IMPLEMENTATIONS = YES;
				CLANG_WARN_DIRECT_OBJC_ISA_USAGE = YES_ERROR;
				CLANG_WARN_DOCUMENTATION_COMMENTS = YES;
				CLANG_WARN_EMPTY_BODY = YES;
				CLANG_WARN_ENUM_CONVERSION = YES;
				CLANG_WARN_INFINITE_RECURSION = YES;
				CLANG_WARN_INT_CONVERSION = YES;
				CLANG_WARN_NON_LITERAL_NULL_CONVERSION = YES;
				CLANG_WARN_OBJC_IMPLICIT_RETAIN_SELF = YES;
				CLANG_WARN_OBJC_LITERAL_CONVERSION = YES;
				CLANG_WARN_OBJC_ROOT_CLASS = YES_ERROR;
				CLANG_WARN_QUOTED_INCLUDE_IN_FRAMEWORK_HEADER = YES;
				CLANG_WARN_RANGE_LOOP_ANALYSIS = YES;
				CLANG_WARN_STRICT_PROTOTYPES = YES;
				CLANG_WARN_SUSPICIOUS_MOVE = YES;
				CLANG_WARN_UNGUARDED_AVAILABILITY = YES_AGGRESSIVE;
				CLANG_WARN_UNREACHABLE_CODE = YES;
				CLANG_WARN__DUPLICATE_METHOD_MATCH = YES;
				COPY_PHASE_STRIP = NO;
				DEBUG_INFORMATION_FORMAT = "dwarf-with-dsym";
				ENABLE_NS_ASSERTIONS = NO;
				ENABLE_STRICT_OBJC_MSGSEND = YES;
				GCC_C_LANGUAGE_STANDARD = gnu11;
				GCC_NO_COMMON_BLOCKS = YES;
				GCC_WARN_64_TO_32_BIT_CONVERSION = YES;
				GCC_WARN_ABOUT_RETURN_TYPE = YES_ERROR;
				GCC_WARN_UNDECLARED_SELECTOR = YES;
				GCC_WARN_UNINITIALIZED_AUTOS = YES_AGGRESSIVE;
				GCC_WARN_UNUSED_FUNCTION = YES;
				GCC_WARN_UNUSED_VARIABLE = YES;
				IPHONEOS_DEPLOYMENT_TARGET = 16.1;
				MTL_ENABLE_DEBUG_INFO = NO;
				MTL_FAST_MATH = YES;
				SDKROOT = iphoneos;
				SWIFT_COMPILATION_MODE = wholemodule;
				SWIFT_OPTIMIZATION_LEVEL = "-O";
				VALIDATE_PRODUCT = YES;
			};
			name = Release;
		};
		45D3AE22294EADA300CE459E /* Debug */ = {
			isa = XCBuildConfiguration;
			buildSettings = {
				ASSETCATALOG_COMPILER_APPICON_NAME = AppIcon;
				ASSETCATALOG_COMPILER_GLOBAL_ACCENT_COLOR_NAME = AccentColor;
				CODE_SIGN_STYLE = Automatic;
				CURRENT_PROJECT_VERSION = 1;
				DEVELOPMENT_ASSET_PATHS = "\"eCommerceShop/Preview Content\"";
				DEVELOPMENT_TEAM = DCJ6266V2N;
				ENABLE_PREVIEWS = YES;
				GENERATE_INFOPLIST_FILE = YES;
				INFOPLIST_KEY_UIApplicationSceneManifest_Generation = YES;
				INFOPLIST_KEY_UIApplicationSupportsIndirectInputEvents = YES;
				INFOPLIST_KEY_UILaunchScreen_Generation = YES;
				INFOPLIST_KEY_UISupportedInterfaceOrientations_iPad = "UIInterfaceOrientationPortrait UIInterfaceOrientationPortraitUpsideDown UIInterfaceOrientationLandscapeLeft UIInterfaceOrientationLandscapeRight";
				INFOPLIST_KEY_UISupportedInterfaceOrientations_iPhone = "UIInterfaceOrientationPortrait UIInterfaceOrientationLandscapeLeft UIInterfaceOrientationLandscapeRight";
				LD_RUNPATH_SEARCH_PATHS = (
					"$(inherited)",
					"@executable_path/Frameworks",
				);
				MARKETING_VERSION = 1.0;
				PRODUCT_BUNDLE_IDENTIFIER = "jaycesagvold-icloud.com.eCommerceShop";
				PRODUCT_NAME = "$(TARGET_NAME)";
				SWIFT_EMIT_LOC_STRINGS = YES;
				SWIFT_VERSION = 5.0;
				TARGETED_DEVICE_FAMILY = "1,2";
			};
			name = Debug;
		};
		45D3AE23294EADA300CE459E /* Release */ = {
			isa = XCBuildConfiguration;
			buildSettings = {
				ASSETCATALOG_COMPILER_APPICON_NAME = AppIcon;
				ASSETCATALOG_COMPILER_GLOBAL_ACCENT_COLOR_NAME = AccentColor;
				CODE_SIGN_STYLE = Automatic;
				CURRENT_PROJECT_VERSION = 1;
				DEVELOPMENT_ASSET_PATHS = "\"eCommerceShop/Preview Content\"";
				DEVELOPMENT_TEAM = DCJ6266V2N;
				ENABLE_PREVIEWS = YES;
				GENERATE_INFOPLIST_FILE = YES;
				INFOPLIST_KEY_UIApplicationSceneManifest_Generation = YES;
				INFOPLIST_KEY_UIApplicationSupportsIndirectInputEvents = YES;
				INFOPLIST_KEY_UILaunchScreen_Generation = YES;
				INFOPLIST_KEY_UISupportedInterfaceOrientations_iPad = "UIInterfaceOrientationPortrait UIInterfaceOrientationPortraitUpsideDown UIInterfaceOrientationLandscapeLeft UIInterfaceOrientationLandscapeRight";
				INFOPLIST_KEY_UISupportedInterfaceOrientations_iPhone = "UIInterfaceOrientationPortrait UIInterfaceOrientationLandscapeLeft UIInterfaceOrientationLandscapeRight";
				LD_RUNPATH_SEARCH_PATHS = (
					"$(inherited)",
					"@executable_path/Frameworks",
				);
				MARKETING_VERSION = 1.0;
				PRODUCT_BUNDLE_IDENTIFIER = "jaycesagvold-icloud.com.eCommerceShop";
				PRODUCT_NAME = "$(TARGET_NAME)";
				SWIFT_EMIT_LOC_STRINGS = YES;
				SWIFT_VERSION = 5.0;
				TARGETED_DEVICE_FAMILY = "1,2";
			};
			name = Release;
		};
/* End XCBuildConfiguration section */

/* Begin XCConfigurationList section */
		45D3AE0E294EADA100CE459E /* Build configuration list for PBXProject "eCommerceShop" */ = {
			isa = XCConfigurationList;
			buildConfigurations = (
				45D3AE1F294EADA300CE459E /* Debug */,
				45D3AE20294EADA300CE459E /* Release */,
			);
			defaultConfigurationIsVisible = 0;
			defaultConfigurationName = Release;
		};
		45D3AE21294EADA300CE459E /* Build configuration list for PBXNativeTarget "eCommerceShop" */ = {
			isa = XCConfigurationList;
			buildConfigurations = (
				45D3AE22294EADA300CE459E /* Debug */,
				45D3AE23294EADA300CE459E /* Release */,
			);
			defaultConfigurationIsVisible = 0;
			defaultConfigurationName = Release;
		};
/* End XCConfigurationList section */
	};
	rootObject = 45D3AE0B294EADA100CE459E /* Project object */;
}
